
Microsoft Visual Studio Solution File, Format Version 12.00
# Visual Studio Version 16
VisualStudioVersion = 16.0.30011.22
MinimumVisualStudioVersion = 10.0.40219.1
Project("{8BC9CEB8-8B4A-11D0-8D11-00A0C91BC942}") = "DxLibVS_0902", "DxLibVS_0902.vcxproj", "{6445BB9E-96CB-4161-BE01-02D0B7A2B933}"
EndProject
Global
	GlobalSection(SolutionConfigurationPlatforms) = preSolution
		Debug|x64 = Debug|x64
		Debug|x86 = Debug|x86
		Release|x64 = Release|x64
		Release|x86 = Release|x86
	EndGlobalSection
	GlobalSection(ProjectConfigurationPlatforms) = postSolution
		{6445BB9E-96CB-4161-BE01-02D0B7A2B933}.Debug|x64.ActiveCfg = Debug|x64
		{6445BB9E-96CB-4161-BE01-02D0B7A2B933}.Debug|x64.Build.0 = Debug|x64
		{6445BB9E-96CB-4161-BE01-02D0B7A2B933}.Debug|x86.ActiveCfg = Debug|Win32
		{6445BB9E-96CB-4161-BE01-02D0B7A2B933}.Debug|x86.Build.0 = Debug|Win32
		{6445BB9E-96CB-4161-BE01-02D0B7A2B933}.Release|x64.ActiveCfg = Release|x64
		{6445BB9E-96CB-4161-BE01-02D0B7A2B933}.Release|x64.Build.0 = Release|x64
		{6445BB9E-96CB-4161-BE01-02D0B7A2B933}.Release|x86.ActiveCfg = Release|Win32
		{6445BB9E-96CB-4161-BE01-02D0B7A2B933}.Release|x86.Build.0 = Release|Win32
	EndGlobalSection
	GlobalSection(SolutionProperties) = preSolution
		HideSolutionNode = FALSE
	EndGlobalSection
	GlobalSection(ExtensibilityGlobals) = postSolution
		SolutionGuid = {315A5057-6C6F-4A58-820E-F8CC0BBA3AAF}
	EndGlobalSection
EndGlobal
